
Microsoft Visual Studio Solution File, Format Version 12.00
# Visual Studio 15
VisualStudioVersion = 15.0.27703.2035
MinimumVisualStudioVersion = 10.0.40219.1
Project("{FAE04EC0-301F-11D3-BF4B-00C04F79EFBC}") = "JsonSchemaMigrator", "JsonSchemaMigrator\JsonSchemaMigrator.csproj", "{63BB04D1-472D-44C2-8E24-2FA510B1714E}"
EndProject
Project("{FAE04EC0-301F-11D3-BF4B-00C04F79EFBC}") = "JsonSchemaMigrator.Tests", "JsonSchemaMigrator.Tests\JsonSchemaMigrator.Tests.csproj", "{0C9CEE4C-D034-4761-82F4-B9C22543BA99}"
EndProject
Global
	GlobalSection(SolutionConfigurationPlatforms) = preSolution
		Debug|Any CPU = Debug|Any CPU
		Release|Any CPU = Release|Any CPU
	EndGlobalSection
	GlobalSection(ProjectConfigurationPlatforms) = postSolution
		{63BB04D1-472D-44C2-8E24-2FA510B1714E}.Debug|Any CPU.ActiveCfg = Debug|Any CPU
		{63BB04D1-472D-44C2-8E24-2FA510B1714E}.Debug|Any CPU.Build.0 = Debug|Any CPU
		{63BB04D1-472D-44C2-8E24-2FA510B1714E}.Release|Any CPU.ActiveCfg = Release|Any CPU
		{63BB04D1-472D-44C2-8E24-2FA510B1714E}.Release|Any CPU.Build.0 = Release|Any CPU
		{0C9CEE4C-D034-4761-82F4-B9C22543BA99}.Debug|Any CPU.ActiveCfg = Debug|Any CPU
		{0C9CEE4C-D034-4761-82F4-B9C22543BA99}.Debug|Any CPU.Build.0 = Debug|Any CPU
		{0C9CEE4C-D034-4761-82F4-B9C22543BA99}.Release|Any CPU.ActiveCfg = Release|Any CPU
		{0C9CEE4C-D034-4761-82F4-B9C22543BA99}.Release|Any CPU.Build.0 = Release|Any CPU
	EndGlobalSection
	GlobalSection(SolutionProperties) = preSolution
		HideSolutionNode = FALSE
	EndGlobalSection
	GlobalSection(ExtensibilityGlobals) = postSolution
		SolutionGuid = {214DC0D7-83F8-4443-91A4-1A79A167F50A}
	EndGlobalSection
EndGlobal
